
Microsoft Visual Studio Solution File, Format Version 12.00
# Visual Studio Version 17
VisualStudioVersion = 17.0.31912.275
MinimumVisualStudioVersion = 10.0.40219.1
Project("{FAE04EC0-301F-11D3-BF4B-00C04F79EFBC}") = "PlotSizeDemo", "PlotSizeDemo\PlotSizeDemo.csproj", "{154B0187-4D18-4DA3-8191-D381477EC864}"
EndProject
Global
	GlobalSection(SolutionConfigurationPlatforms) = preSolution
		Debug|Any CPU = Debug|Any CPU
		Release|Any CPU = Release|Any CPU
	EndGlobalSection
	GlobalSection(ProjectConfigurationPlatforms) = postSolution
		{154B0187-4D18-4DA3-8191-D381477EC864}.Debug|Any CPU.ActiveCfg = Debug|Any CPU
		{154B0187-4D18-4DA3-8191-D381477EC864}.Debug|Any CPU.Build.0 = Debug|Any CPU
		{154B0187-4D18-4DA3-8191-D381477EC864}.Release|Any CPU.ActiveCfg = Release|Any CPU
		{154B0187-4D18-4DA3-8191-D381477EC864}.Release|Any CPU.Build.0 = Release|Any CPU
	EndGlobalSection
	GlobalSection(SolutionProperties) = preSolution
		HideSolutionNode = FALSE
	EndGlobalSection
	GlobalSection(ExtensibilityGlobals) = postSolution
		SolutionGuid = {C732B707-F3F0-48D8-A55E-803A123D2036}
	EndGlobalSection
EndGlobal
